// !$*UTF8*$!
{
	archiveVersion = 1;
	classes = {
	};
	objectVersion = 56;
	objects = {

/* Begin PBXBuildFile section */
		0BF0EA54998544FCBCFC4AEA /* CircularXXTT-Regular.ttf in Resources */ = {isa = PBXBuildFile; fileRef = 23577E7D271643EE8A8559DB /* CircularXXTT-Regular.ttf */; };
		0D386F878D4B4788BAEE923D /* Stolzl-Thin.ttf in Resources */ = {isa = PBXBuildFile; fileRef = AB1261C15E0E449CA09BB1DD /* Stolzl-Thin.ttf */; };
		182DE365A5085FC6685C5DD4 /* libPods-mbanative.a in Frameworks */ = {isa = PBXBuildFile; fileRef = 58765951C66ABF56A29AB9F3 /* libPods-mbanative.a */; };
		4433F9267CB04137BD128363 /* Stolzl-Light.ttf in Resources */ = {isa = PBXBuildFile; fileRef = 9ADC866068024BAAB54C7076 /* Stolzl-Light.ttf */; };
		557CE0D5E1AA4347B84A7156 /* HickoryJack.ttf in Resources */ = {isa = PBXBuildFile; fileRef = 036A8339A5CA4540BA488B54 /* HickoryJack.ttf */; };
		5CD2A88CEE234150A240CF01 /* Stolzl-Bold.ttf in Resources */ = {isa = PBXBuildFile; fileRef = FBB4C25581C0461C902E0233 /* Stolzl-Bold.ttf */; };
		615E1F5490C441AB81F9A09C /* Avenir-BookOblique.ttf in Resources */ = {isa = PBXBuildFile; fileRef = 68E04573913F4BAF8FB17DCC /* Avenir-BookOblique.ttf */; };
		64DCC38B15C2440DA3D68369 /* CircularXXTT-BookItalic.ttf in Resources */ = {isa = PBXBuildFile; fileRef = 92405C727A434C69AA06C83D /* CircularXXTT-BookItalic.ttf */; };
		6C4E007D45944A2B8CD6DEE8 /* Avenir-Black.ttf in Resources */ = {isa = PBXBuildFile; fileRef = 65913342D7E646AFAE32280A /* Avenir-Black.ttf */; };
		6EED1240184B48BC962301B3 /* SigmarOne-Regular.ttf in Resources */ = {isa = PBXBuildFile; fileRef = BAE02D1B63FA4E4F9C086407 /* SigmarOne-Regular.ttf */; };
		70CBE5A692644BBCA45D8308 /* CircularXXTT-Book.ttf in Resources */ = {isa = PBXBuildFile; fileRef = 24574F3889C7440AB1ADEFD5 /* CircularXXTT-Book.ttf */; };
		7414BA792C9B5AAB005A589F /* mbanativeApp.swift in Sources */ = {isa = PBXBuildFile; fileRef = 7414BA782C9B5AAB005A589F /* mbanativeApp.swift */; };
		7414BA7B2C9B5AAB005A589F /* ContentView.swift in Sources */ = {isa = PBXBuildFile; fileRef = 7414BA7A2C9B5AAB005A589F /* ContentView.swift */; };
		7414BA7D2C9B5AAD005A589F /* Assets.xcassets in Resources */ = {isa = PBXBuildFile; fileRef = 7414BA7C2C9B5AAD005A589F /* Assets.xcassets */; };
		7414BA802C9B5AAD005A589F /* Preview Assets.xcassets in Resources */ = {isa = PBXBuildFile; fileRef = 7414BA7F2C9B5AAD005A589F /* Preview Assets.xcassets */; };
		741FDB9D2CA4A47D000AE178 /* assets in Resources */ = {isa = PBXBuildFile; fileRef = 741FDB9B2CA4A47D000AE178 /* assets */; };
		741FDB9E2CA4A47D000AE178 /* main.jsbundle in Resources */ = {isa = PBXBuildFile; fileRef = 741FDB9C2CA4A47D000AE178 /* main.jsbundle */; };
		7462C86B2C9B64BF00276187 /* SecondView.swift in Sources */ = {isa = PBXBuildFile; fileRef = 7462C86A2C9B64BF00276187 /* SecondView.swift */; };
		7462C8822C9CA5B200276187 /* AppDelegate.swift in Sources */ = {isa = PBXBuildFile; fileRef = 7462C8812C9CA5B200276187 /* AppDelegate.swift */; };
		7462C8842C9CA86200276187 /* GoogleService-Info.plist in Resources */ = {isa = PBXBuildFile; fileRef = 7462C8832C9CA86100276187 /* GoogleService-Info.plist */; };
		806FBDDAFACA4919A47D5807 /* CircularXXTT-Bold.ttf in Resources */ = {isa = PBXBuildFile; fileRef = 6F097CD0ED3948609EC57725 /* CircularXXTT-Bold.ttf */; };
		80FD45B6AD7441B6A790E461 /* CircularXXTT-Italic.ttf in Resources */ = {isa = PBXBuildFile; fileRef = 37013EBAE2694501AEE6D237 /* CircularXXTT-Italic.ttf */; };
		8631A4BAB4AA41F1A8AF40AD /* Avenir-Book.ttf in Resources */ = {isa = PBXBuildFile; fileRef = 156AFD6BB3724153BED36FF4 /* Avenir-Book.ttf */; };
		919FBBD5F96646B4947C0415 /* Avenir-LightOblique.ttf in Resources */ = {isa = PBXBuildFile; fileRef = 4E91C511FA764604BD130284 /* Avenir-LightOblique.ttf */; };
		9A4C429885E34CE5B781F6AD /* Avenir-HeavyOblique.ttf in Resources */ = {isa = PBXBuildFile; fileRef = 72C053716DAD418ABB62BB04 /* Avenir-HeavyOblique.ttf */; };
		B3838206B42A45C08047AE73 /* Stolzl-Regular.ttf in Resources */ = {isa = PBXBuildFile; fileRef = 9D56C6C453CE4CC2BC1105A4 /* Stolzl-Regular.ttf */; };
		B5216A7A035A4827A505F10B /* Avenir-BlackOblique.ttf in Resources */ = {isa = PBXBuildFile; fileRef = FF108E13EE474495BB039C43 /* Avenir-BlackOblique.ttf */; };
		B6460B31FC304EB9AF4CAC22 /* Avenir-Heavy.ttf in Resources */ = {isa = PBXBuildFile; fileRef = 596A383E13EC4875812F0343 /* Avenir-Heavy.ttf */; };
		B9EACC4C937743989644C3B0 /* Avenir-Medium.ttf in Resources */ = {isa = PBXBuildFile; fileRef = 29609E0427A44A8981ED745A /* Avenir-Medium.ttf */; };
		BCD2196581224DF89AE53D7C /* Avenir-MediumOblique.ttf in Resources */ = {isa = PBXBuildFile; fileRef = 112A95F1176D4C6387447109 /* Avenir-MediumOblique.ttf */; };
		C397A1A68CB04CABB250CFC2 /* CircularXXTT-Medium.ttf in Resources */ = {isa = PBXBuildFile; fileRef = C1112658D62E4BED865A4918 /* CircularXXTT-Medium.ttf */; };
		C6716912F44C47C8BC773891 /* CircularXXTT-BoldItalic.ttf in Resources */ = {isa = PBXBuildFile; fileRef = 2BF54FDFF7F54E8382B5152F /* CircularXXTT-BoldItalic.ttf */; };
		CFDD2580357C4780ACF8FF9C /* CircularXXTT-MediumItalic.ttf in Resources */ = {isa = PBXBuildFile; fileRef = 1620AE60CDB34EEEA1515D3F /* CircularXXTT-MediumItalic.ttf */; };
		DBFE9B2FD8EA4D24A019CC28 /* Avenir-Roman.ttf in Resources */ = {isa = PBXBuildFile; fileRef = 9F22CB6C4D9A4022804B967D /* Avenir-Roman.ttf */; };
		E0F9E10EE3624B5198FEF181 /* Stolzl-Medium.ttf in Resources */ = {isa = PBXBuildFile; fileRef = 72EDB7C3C5C0495581AC08DA /* Stolzl-Medium.ttf */; };
		EBD70320D66F4E2698F7F015 /* Stolzl-Book.ttf in Resources */ = {isa = PBXBuildFile; fileRef = B11523F6B1B74035ACD8A843 /* Stolzl-Book.ttf */; };
		EDE80D2325E64209AD249B3A /* Avenir-Oblique.ttf in Resources */ = {isa = PBXBuildFile; fileRef = DEF6EAF2D95F43D0A7CBA1C4 /* Avenir-Oblique.ttf */; };
		EFF15357ED87450D8EADB0D5 /* Avenir-Next.ttc in Resources */ = {isa = PBXBuildFile; fileRef = FA2B3CBF5974418E99F46751 /* Avenir-Next.ttc */; };
		F71A0624852443BB9BF00F2C /* Avenir-Light.ttf in Resources */ = {isa = PBXBuildFile; fileRef = 5DC3355DD43B46C98A0C30DC /* Avenir-Light.ttf */; };
/* End PBXBuildFile section */

/* Begin PBXFileReference section */
		036A8339A5CA4540BA488B54 /* HickoryJack.ttf */ = {isa = PBXFileReference; explicitFileType = undefined; fileEncoding = 9; includeInIndex = 0; lastKnownFileType = unknown; name = HickoryJack.ttf; path = ../fonts/HickoryJack.ttf; sourceTree = "<group>"; };
		112A95F1176D4C6387447109 /* Avenir-MediumOblique.ttf */ = {isa = PBXFileReference; explicitFileType = undefined; fileEncoding = 9; includeInIndex = 0; lastKnownFileType = unknown; name = "Avenir-MediumOblique.ttf"; path = "../fonts/Avenir-MediumOblique.ttf"; sourceTree = "<group>"; };
		156AFD6BB3724153BED36FF4 /* Avenir-Book.ttf */ = {isa = PBXFileReference; explicitFileType = undefined; fileEncoding = 9; includeInIndex = 0; lastKnownFileType = unknown; name = "Avenir-Book.ttf"; path = "../fonts/Avenir-Book.ttf"; sourceTree = "<group>"; };
		1620AE60CDB34EEEA1515D3F /* CircularXXTT-MediumItalic.ttf */ = {isa = PBXFileReference; explicitFileType = undefined; fileEncoding = 9; includeInIndex = 0; lastKnownFileType = unknown; name = "CircularXXTT-MediumItalic.ttf"; path = "../fonts/CircularXXTT-MediumItalic.ttf"; sourceTree = "<group>"; };
		23577E7D271643EE8A8559DB /* CircularXXTT-Regular.ttf */ = {isa = PBXFileReference; explicitFileType = undefined; fileEncoding = 9; includeInIndex = 0; lastKnownFileType = unknown; name = "CircularXXTT-Regular.ttf"; path = "../fonts/CircularXXTT-Regular.ttf"; sourceTree = "<group>"; };
		24574F3889C7440AB1ADEFD5 /* CircularXXTT-Book.ttf */ = {isa = PBXFileReference; explicitFileType = undefined; fileEncoding = 9; includeInIndex = 0; lastKnownFileType = unknown; name = "CircularXXTT-Book.ttf"; path = "../fonts/CircularXXTT-Book.ttf"; sourceTree = "<group>"; };
		29609E0427A44A8981ED745A /* Avenir-Medium.ttf */ = {isa = PBXFileReference; explicitFileType = undefined; fileEncoding = 9; includeInIndex = 0; lastKnownFileType = unknown; name = "Avenir-Medium.ttf"; path = "../fonts/Avenir-Medium.ttf"; sourceTree = "<group>"; };
		2BF54FDFF7F54E8382B5152F /* CircularXXTT-BoldItalic.ttf */ = {isa = PBXFileReference; explicitFileType = undefined; fileEncoding = 9; includeInIndex = 0; lastKnownFileType = unknown; name = "CircularXXTT-BoldItalic.ttf"; path = "../fonts/CircularXXTT-BoldItalic.ttf"; sourceTree = "<group>"; };
		34662532DD0C5F4EBE1D0B2D /* Pods-mbanative.release.xcconfig */ = {isa = PBXFileReference; includeInIndex = 1; lastKnownFileType = text.xcconfig; name = "Pods-mbanative.release.xcconfig"; path = "Target Support Files/Pods-mbanative/Pods-mbanative.release.xcconfig"; sourceTree = "<group>"; };
		37013EBAE2694501AEE6D237 /* CircularXXTT-Italic.ttf */ = {isa = PBXFileReference; explicitFileType = undefined; fileEncoding = 9; includeInIndex = 0; lastKnownFileType = unknown; name = "CircularXXTT-Italic.ttf"; path = "../fonts/CircularXXTT-Italic.ttf"; sourceTree = "<group>"; };
		4E91C511FA764604BD130284 /* Avenir-LightOblique.ttf */ = {isa = PBXFileReference; explicitFileType = undefined; fileEncoding = 9; includeInIndex = 0; lastKnownFileType = unknown; name = "Avenir-LightOblique.ttf"; path = "../fonts/Avenir-LightOblique.ttf"; sourceTree = "<group>"; };
		58765951C66ABF56A29AB9F3 /* libPods-mbanative.a */ = {isa = PBXFileReference; explicitFileType = archive.ar; includeInIndex = 0; path = "libPods-mbanative.a"; sourceTree = BUILT_PRODUCTS_DIR; };
		596A383E13EC4875812F0343 /* Avenir-Heavy.ttf */ = {isa = PBXFileReference; explicitFileType = undefined; fileEncoding = 9; includeInIndex = 0; lastKnownFileType = unknown; name = "Avenir-Heavy.ttf"; path = "../fonts/Avenir-Heavy.ttf"; sourceTree = "<group>"; };
		5DC3355DD43B46C98A0C30DC /* Avenir-Light.ttf */ = {isa = PBXFileReference; explicitFileType = undefined; fileEncoding = 9; includeInIndex = 0; lastKnownFileType = unknown; name = "Avenir-Light.ttf"; path = "../fonts/Avenir-Light.ttf"; sourceTree = "<group>"; };
		65913342D7E646AFAE32280A /* Avenir-Black.ttf */ = {isa = PBXFileReference; explicitFileType = undefined; fileEncoding = 9; includeInIndex = 0; lastKnownFileType = unknown; name = "Avenir-Black.ttf"; path = "../fonts/Avenir-Black.ttf"; sourceTree = "<group>"; };
		68E04573913F4BAF8FB17DCC /* Avenir-BookOblique.ttf */ = {isa = PBXFileReference; explicitFileType = undefined; fileEncoding = 9; includeInIndex = 0; lastKnownFileType = unknown; name = "Avenir-BookOblique.ttf"; path = "../fonts/Avenir-BookOblique.ttf"; sourceTree = "<group>"; };
		6F097CD0ED3948609EC57725 /* CircularXXTT-Bold.ttf */ = {isa = PBXFileReference; explicitFileType = undefined; fileEncoding = 9; includeInIndex = 0; lastKnownFileType = unknown; name = "CircularXXTT-Bold.ttf"; path = "../fonts/CircularXXTT-Bold.ttf"; sourceTree = "<group>"; };
		72C053716DAD418ABB62BB04 /* Avenir-HeavyOblique.ttf */ = {isa = PBXFileReference; explicitFileType = undefined; fileEncoding = 9; includeInIndex = 0; lastKnownFileType = unknown; name = "Avenir-HeavyOblique.ttf"; path = "../fonts/Avenir-HeavyOblique.ttf"; sourceTree = "<group>"; };
		72EDB7C3C5C0495581AC08DA /* Stolzl-Medium.ttf */ = {isa = PBXFileReference; explicitFileType = undefined; fileEncoding = 9; includeInIndex = 0; lastKnownFileType = unknown; name = "Stolzl-Medium.ttf"; path = "../fonts/Stolzl-Medium.ttf"; sourceTree = "<group>"; };
		7414BA752C9B5AAB005A589F /* mbanative.app */ = {isa = PBXFileReference; explicitFileType = wrapper.application; includeInIndex = 0; path = mbanative.app; sourceTree = BUILT_PRODUCTS_DIR; };
		7414BA782C9B5AAB005A589F /* mbanativeApp.swift */ = {isa = PBXFileReference; lastKnownFileType = sourcecode.swift; path = mbanativeApp.swift; sourceTree = "<group>"; };
		7414BA7A2C9B5AAB005A589F /* ContentView.swift */ = {isa = PBXFileReference; lastKnownFileType = sourcecode.swift; path = ContentView.swift; sourceTree = "<group>"; };
		7414BA7C2C9B5AAD005A589F /* Assets.xcassets */ = {isa = PBXFileReference; lastKnownFileType = folder.assetcatalog; path = Assets.xcassets; sourceTree = "<group>"; };
		7414BA7F2C9B5AAD005A589F /* Preview Assets.xcassets */ = {isa = PBXFileReference; lastKnownFileType = folder.assetcatalog; path = "Preview Assets.xcassets"; sourceTree = "<group>"; };
		741FDB9B2CA4A47D000AE178 /* assets */ = {isa = PBXFileReference; fileEncoding = 4; lastKnownFileType = text; path = assets; sourceTree = SOURCE_ROOT; };
		741FDB9C2CA4A47D000AE178 /* main.jsbundle */ = {isa = PBXFileReference; lastKnownFileType = file; path = main.jsbundle; sourceTree = SOURCE_ROOT; };
		7462C86A2C9B64BF00276187 /* SecondView.swift */ = {isa = PBXFileReference; lastKnownFileType = sourcecode.swift; path = SecondView.swift; sourceTree = "<group>"; };
		7462C86E2C9C605C00276187 /* Info.plist */ = {isa = PBXFileReference; lastKnownFileType = text.plist; path = Info.plist; sourceTree = "<group>"; };
		7462C8812C9CA5B200276187 /* AppDelegate.swift */ = {isa = PBXFileReference; lastKnownFileType = sourcecode.swift; path = AppDelegate.swift; sourceTree = "<group>"; };
		7462C8832C9CA86100276187 /* GoogleService-Info.plist */ = {isa = PBXFileReference; lastKnownFileType = text.plist; path = "GoogleService-Info.plist"; sourceTree = SOURCE_ROOT; };
		92405C727A434C69AA06C83D /* CircularXXTT-BookItalic.ttf */ = {isa = PBXFileReference; explicitFileType = undefined; fileEncoding = 9; includeInIndex = 0; lastKnownFileType = unknown; name = "CircularXXTT-BookItalic.ttf"; path = "../fonts/CircularXXTT-BookItalic.ttf"; sourceTree = "<group>"; };
		941D2400ABA6A5F9F216CC5B /* Pods-mbanative.debug.xcconfig */ = {isa = PBXFileReference; includeInIndex = 1; lastKnownFileType = text.xcconfig; name = "Pods-mbanative.debug.xcconfig"; path = "Target Support Files/Pods-mbanative/Pods-mbanative.debug.xcconfig"; sourceTree = "<group>"; };
		9ADC866068024BAAB54C7076 /* Stolzl-Light.ttf */ = {isa = PBXFileReference; explicitFileType = undefined; fileEncoding = 9; includeInIndex = 0; lastKnownFileType = unknown; name = "Stolzl-Light.ttf"; path = "../fonts/Stolzl-Light.ttf"; sourceTree = "<group>"; };
		9D56C6C453CE4CC2BC1105A4 /* Stolzl-Regular.ttf */ = {isa = PBXFileReference; explicitFileType = undefined; fileEncoding = 9; includeInIndex = 0; lastKnownFileType = unknown; name = "Stolzl-Regular.ttf"; path = "../fonts/Stolzl-Regular.ttf"; sourceTree = "<group>"; };
		9F22CB6C4D9A4022804B967D /* Avenir-Roman.ttf */ = {isa = PBXFileReference; explicitFileType = undefined; fileEncoding = 9; includeInIndex = 0; lastKnownFileType = unknown; name = "Avenir-Roman.ttf"; path = "../fonts/Avenir-Roman.ttf"; sourceTree = "<group>"; };
		AB1261C15E0E449CA09BB1DD /* Stolzl-Thin.ttf */ = {isa = PBXFileReference; explicitFileType = undefined; fileEncoding = 9; includeInIndex = 0; lastKnownFileType = unknown; name = "Stolzl-Thin.ttf"; path = "../fonts/Stolzl-Thin.ttf"; sourceTree = "<group>"; };
		B11523F6B1B74035ACD8A843 /* Stolzl-Book.ttf */ = {isa = PBXFileReference; explicitFileType = undefined; fileEncoding = 9; includeInIndex = 0; lastKnownFileType = unknown; name = "Stolzl-Book.ttf"; path = "../fonts/Stolzl-Book.ttf"; sourceTree = "<group>"; };
		BAE02D1B63FA4E4F9C086407 /* SigmarOne-Regular.ttf */ = {isa = PBXFileReference; explicitFileType = undefined; fileEncoding = 9; includeInIndex = 0; lastKnownFileType = unknown; name = "SigmarOne-Regular.ttf"; path = "../fonts/SigmarOne-Regular.ttf"; sourceTree = "<group>"; };
		C1112658D62E4BED865A4918 /* CircularXXTT-Medium.ttf */ = {isa = PBXFileReference; explicitFileType = undefined; fileEncoding = 9; includeInIndex = 0; lastKnownFileType = unknown; name = "CircularXXTT-Medium.ttf"; path = "../fonts/CircularXXTT-Medium.ttf"; sourceTree = "<group>"; };
		DEF6EAF2D95F43D0A7CBA1C4 /* Avenir-Oblique.ttf */ = {isa = PBXFileReference; explicitFileType = undefined; fileEncoding = 9; includeInIndex = 0; lastKnownFileType = unknown; name = "Avenir-Oblique.ttf"; path = "../fonts/Avenir-Oblique.ttf"; sourceTree = "<group>"; };
		FA2B3CBF5974418E99F46751 /* Avenir-Next.ttc */ = {isa = PBXFileReference; explicitFileType = undefined; fileEncoding = 9; includeInIndex = 0; lastKnownFileType = unknown; name = "Avenir-Next.ttc"; path = "../fonts/Avenir-Next.ttc"; sourceTree = "<group>"; };
		FBB4C25581C0461C902E0233 /* Stolzl-Bold.ttf */ = {isa = PBXFileReference; explicitFileType = undefined; fileEncoding = 9; includeInIndex = 0; lastKnownFileType = unknown; name = "Stolzl-Bold.ttf"; path = "../fonts/Stolzl-Bold.ttf"; sourceTree = "<group>"; };
		FF108E13EE474495BB039C43 /* Avenir-BlackOblique.ttf */ = {isa = PBXFileReference; explicitFileType = undefined; fileEncoding = 9; includeInIndex = 0; lastKnownFileType = unknown; name = "Avenir-BlackOblique.ttf"; path = "../fonts/Avenir-BlackOblique.ttf"; sourceTree = "<group>"; };
/* End PBXFileReference section */

/* Begin PBXFrameworksBuildPhase section */
		7414BA722C9B5AAB005A589F /* Frameworks */ = {
			isa = PBXFrameworksBuildPhase;
			buildActionMask = 2147483647;
			files = (
				182DE365A5085FC6685C5DD4 /* libPods-mbanative.a in Frameworks */,
			);
			runOnlyForDeploymentPostprocessing = 0;
		};
/* End PBXFrameworksBuildPhase section */

/* Begin PBXGroup section */
		262FEABDE67F23C6F6FCCE63 /* Frameworks */ = {
			isa = PBXGroup;
			children = (
				58765951C66ABF56A29AB9F3 /* libPods-mbanative.a */,
			);
			name = Frameworks;
			sourceTree = "<group>";
		};
		7414BA6C2C9B5AAB005A589F = {
			isa = PBXGroup;
			children = (
				7414BA772C9B5AAB005A589F /* mbanative */,
				7414BA762C9B5AAB005A589F /* Products */,
				9BB96C50EB657D0D12E251B0 /* Pods */,
				262FEABDE67F23C6F6FCCE63 /* Frameworks */,
				A10193EE8BB94947BBD6EBC3 /* Resources */,
			);
			sourceTree = "<group>";
		};
		7414BA762C9B5AAB005A589F /* Products */ = {
			isa = PBXGroup;
			children = (
				7414BA752C9B5AAB005A589F /* mbanative.app */,
			);
			name = Products;
			sourceTree = "<group>";
		};
		7414BA772C9B5AAB005A589F /* mbanative */ = {
			isa = PBXGroup;
			children = (
				741FDB9B2CA4A47D000AE178 /* assets */,
				741FDB9C2CA4A47D000AE178 /* main.jsbundle */,
				7462C8832C9CA86100276187 /* GoogleService-Info.plist */,
				7462C86E2C9C605C00276187 /* Info.plist */,
				7414BA782C9B5AAB005A589F /* mbanativeApp.swift */,
				7462C8812C9CA5B200276187 /* AppDelegate.swift */,
				7414BA7A2C9B5AAB005A589F /* ContentView.swift */,
				7462C86A2C9B64BF00276187 /* SecondView.swift */,
				7414BA7C2C9B5AAD005A589F /* Assets.xcassets */,
				7414BA7E2C9B5AAD005A589F /* Preview Content */,
			);
			path = mbanative;
			sourceTree = "<group>";
		};
		7414BA7E2C9B5AAD005A589F /* Preview Content */ = {
			isa = PBXGroup;
			children = (
				7414BA7F2C9B5AAD005A589F /* Preview Assets.xcassets */,
			);
			path = "Preview Content";
			sourceTree = "<group>";
		};
		9BB96C50EB657D0D12E251B0 /* Pods */ = {
			isa = PBXGroup;
			children = (
				941D2400ABA6A5F9F216CC5B /* Pods-mbanative.debug.xcconfig */,
				34662532DD0C5F4EBE1D0B2D /* Pods-mbanative.release.xcconfig */,
			);
			path = Pods;
			sourceTree = "<group>";
		};
		A10193EE8BB94947BBD6EBC3 /* Resources */ = {
			isa = PBXGroup;
			children = (
				65913342D7E646AFAE32280A /* Avenir-Black.ttf */,
				FF108E13EE474495BB039C43 /* Avenir-BlackOblique.ttf */,
				156AFD6BB3724153BED36FF4 /* Avenir-Book.ttf */,
				68E04573913F4BAF8FB17DCC /* Avenir-BookOblique.ttf */,
				596A383E13EC4875812F0343 /* Avenir-Heavy.ttf */,
				72C053716DAD418ABB62BB04 /* Avenir-HeavyOblique.ttf */,
				5DC3355DD43B46C98A0C30DC /* Avenir-Light.ttf */,
				4E91C511FA764604BD130284 /* Avenir-LightOblique.ttf */,
				29609E0427A44A8981ED745A /* Avenir-Medium.ttf */,
				112A95F1176D4C6387447109 /* Avenir-MediumOblique.ttf */,
				DEF6EAF2D95F43D0A7CBA1C4 /* Avenir-Oblique.ttf */,
				9F22CB6C4D9A4022804B967D /* Avenir-Roman.ttf */,
				6F097CD0ED3948609EC57725 /* CircularXXTT-Bold.ttf */,
				2BF54FDFF7F54E8382B5152F /* CircularXXTT-BoldItalic.ttf */,
				24574F3889C7440AB1ADEFD5 /* CircularXXTT-Book.ttf */,
				92405C727A434C69AA06C83D /* CircularXXTT-BookItalic.ttf */,
				37013EBAE2694501AEE6D237 /* CircularXXTT-Italic.ttf */,
				C1112658D62E4BED865A4918 /* CircularXXTT-Medium.ttf */,
				1620AE60CDB34EEEA1515D3F /* CircularXXTT-MediumItalic.ttf */,
				23577E7D271643EE8A8559DB /* CircularXXTT-Regular.ttf */,
				036A8339A5CA4540BA488B54 /* HickoryJack.ttf */,
				BAE02D1B63FA4E4F9C086407 /* SigmarOne-Regular.ttf */,
				FBB4C25581C0461C902E0233 /* Stolzl-Bold.ttf */,
				B11523F6B1B74035ACD8A843 /* Stolzl-Book.ttf */,
				9ADC866068024BAAB54C7076 /* Stolzl-Light.ttf */,
				72EDB7C3C5C0495581AC08DA /* Stolzl-Medium.ttf */,
				9D56C6C453CE4CC2BC1105A4 /* Stolzl-Regular.ttf */,
				AB1261C15E0E449CA09BB1DD /* Stolzl-Thin.ttf */,
				FA2B3CBF5974418E99F46751 /* Avenir-Next.ttc */,
			);
			name = Resources;
			sourceTree = "<group>";
		};
/* End PBXGroup section */

/* Begin PBXNativeTarget section */
		7414BA742C9B5AAB005A589F /* mbanative */ = {
			isa = PBXNativeTarget;
			buildConfigurationList = 7414BA832C9B5AAD005A589F /* Build configuration list for PBXNativeTarget "mbanative" */;
			buildPhases = (
				C48E173EC53B34C96328693F /* [CP] Check Pods Manifest.lock */,
				7414BA712C9B5AAB005A589F /* Sources */,
				7414BA722C9B5AAB005A589F /* Frameworks */,
				7414BA732C9B5AAB005A589F /* Resources */,
				1F2F1A8C7251445EA507A6C7 /* [CP] Copy Pods Resources */,
				458D935C4D59706056B8FAF7 /* [CP-User] [RNFB] Core Configuration */,
				3E09FEA8442597231D7CC6A4 /* [CP] Embed Pods Frameworks */,
				4405EF6BE4CF524993B368E0 /* [CP-User] [instabug-reactnative] Upload Sourcemap */,
			);
			buildRules = (
			);
			dependencies = (
			);
			name = mbanative;
			productName = mbanative;
			productReference = 7414BA752C9B5AAB005A589F /* mbanative.app */;
			productType = "com.apple.product-type.application";
		};
/* End PBXNativeTarget section */

/* Begin PBXProject section */
		7414BA6D2C9B5AAB005A589F /* Project object */ = {
			isa = PBXProject;
			attributes = {
				BuildIndependentTargetsInParallel = 1;
				LastSwiftUpdateCheck = 1420;
				LastUpgradeCheck = 1420;
				TargetAttributes = {
					7414BA742C9B5AAB005A589F = {
						CreatedOnToolsVersion = 14.2;
					};
				};
			};
			buildConfigurationList = 7414BA702C9B5AAB005A589F /* Build configuration list for PBXProject "mbanative" */;
			compatibilityVersion = "Xcode 14.0";
			developmentRegion = en;
			hasScannedForEncodings = 0;
			knownRegions = (
				en,
				Base,
			);
			mainGroup = 7414BA6C2C9B5AAB005A589F;
			productRefGroup = 7414BA762C9B5AAB005A589F /* Products */;
			projectDirPath = "";
			projectRoot = "";
			targets = (
				7414BA742C9B5AAB005A589F /* mbanative */,
			);
		};
/* End PBXProject section */

/* Begin PBXResourcesBuildPhase section */
		7414BA732C9B5AAB005A589F /* Resources */ = {
			isa = PBXResourcesBuildPhase;
			buildActionMask = 2147483647;
			files = (
				7414BA802C9B5AAD005A589F /* Preview Assets.xcassets in Resources */,
				7414BA7D2C9B5AAD005A589F /* Assets.xcassets in Resources */,
				7462C8842C9CA86200276187 /* GoogleService-Info.plist in Resources */,
				6C4E007D45944A2B8CD6DEE8 /* Avenir-Black.ttf in Resources */,
				B5216A7A035A4827A505F10B /* Avenir-BlackOblique.ttf in Resources */,
				8631A4BAB4AA41F1A8AF40AD /* Avenir-Book.ttf in Resources */,
				615E1F5490C441AB81F9A09C /* Avenir-BookOblique.ttf in Resources */,
				B6460B31FC304EB9AF4CAC22 /* Avenir-Heavy.ttf in Resources */,
				9A4C429885E34CE5B781F6AD /* Avenir-HeavyOblique.ttf in Resources */,
				F71A0624852443BB9BF00F2C /* Avenir-Light.ttf in Resources */,
				919FBBD5F96646B4947C0415 /* Avenir-LightOblique.ttf in Resources */,
				B9EACC4C937743989644C3B0 /* Avenir-Medium.ttf in Resources */,
				BCD2196581224DF89AE53D7C /* Avenir-MediumOblique.ttf in Resources */,
				EDE80D2325E64209AD249B3A /* Avenir-Oblique.ttf in Resources */,
				DBFE9B2FD8EA4D24A019CC28 /* Avenir-Roman.ttf in Resources */,
				806FBDDAFACA4919A47D5807 /* CircularXXTT-Bold.ttf in Resources */,
				C6716912F44C47C8BC773891 /* CircularXXTT-BoldItalic.ttf in Resources */,
				70CBE5A692644BBCA45D8308 /* CircularXXTT-Book.ttf in Resources */,
				64DCC38B15C2440DA3D68369 /* CircularXXTT-BookItalic.ttf in Resources */,
				80FD45B6AD7441B6A790E461 /* CircularXXTT-Italic.ttf in Resources */,
				C397A1A68CB04CABB250CFC2 /* CircularXXTT-Medium.ttf in Resources */,
				741FDB9D2CA4A47D000AE178 /* assets in Resources */,
				CFDD2580357C4780ACF8FF9C /* CircularXXTT-MediumItalic.ttf in Resources */,
				0BF0EA54998544FCBCFC4AEA /* CircularXXTT-Regular.ttf in Resources */,
				557CE0D5E1AA4347B84A7156 /* HickoryJack.ttf in Resources */,
				6EED1240184B48BC962301B3 /* SigmarOne-Regular.ttf in Resources */,
				5CD2A88CEE234150A240CF01 /* Stolzl-Bold.ttf in Resources */,
				741FDB9E2CA4A47D000AE178 /* main.jsbundle in Resources */,
				EBD70320D66F4E2698F7F015 /* Stolzl-Book.ttf in Resources */,
				4433F9267CB04137BD128363 /* Stolzl-Light.ttf in Resources */,
				E0F9E10EE3624B5198FEF181 /* Stolzl-Medium.ttf in Resources */,
				B3838206B42A45C08047AE73 /* Stolzl-Regular.ttf in Resources */,
				0D386F878D4B4788BAEE923D /* Stolzl-Thin.ttf in Resources */,
				EFF15357ED87450D8EADB0D5 /* Avenir-Next.ttc in Resources */,
			);
			runOnlyForDeploymentPostprocessing = 0;
		};
/* End PBXResourcesBuildPhase section */

/* Begin PBXShellScriptBuildPhase section */
		1F2F1A8C7251445EA507A6C7 /* [CP] Copy Pods Resources */ = {
			isa = PBXShellScriptBuildPhase;
			buildActionMask = 2147483647;
			files = (
			);
			inputFileListPaths = (
				"${PODS_ROOT}/Target Support Files/Pods-mbanative/Pods-mbanative-resources-${CONFIGURATION}-input-files.xcfilelist",
			);
			name = "[CP] Copy Pods Resources";
			outputFileListPaths = (
				"${PODS_ROOT}/Target Support Files/Pods-mbanative/Pods-mbanative-resources-${CONFIGURATION}-output-files.xcfilelist",
			);
			runOnlyForDeploymentPostprocessing = 0;
			shellPath = /bin/sh;
			shellScript = "\"${PODS_ROOT}/Target Support Files/Pods-mbanative/Pods-mbanative-resources.sh\"\n";
			showEnvVarsInLog = 0;
		};
		3E09FEA8442597231D7CC6A4 /* [CP] Embed Pods Frameworks */ = {
			isa = PBXShellScriptBuildPhase;
			buildActionMask = 2147483647;
			files = (
			);
			inputFileListPaths = (
				"${PODS_ROOT}/Target Support Files/Pods-mbanative/Pods-mbanative-frameworks-${CONFIGURATION}-input-files.xcfilelist",
			);
			name = "[CP] Embed Pods Frameworks";
			outputFileListPaths = (
				"${PODS_ROOT}/Target Support Files/Pods-mbanative/Pods-mbanative-frameworks-${CONFIGURATION}-output-files.xcfilelist",
			);
			runOnlyForDeploymentPostprocessing = 0;
			shellPath = /bin/sh;
			shellScript = "\"${PODS_ROOT}/Target Support Files/Pods-mbanative/Pods-mbanative-frameworks.sh\"\n";
			showEnvVarsInLog = 0;
		};
		4405EF6BE4CF524993B368E0 /* [CP-User] [instabug-reactnative] Upload Sourcemap */ = {
			isa = PBXShellScriptBuildPhase;
			buildActionMask = 2147483647;
			files = (
			);
			name = "[CP-User] [instabug-reactnative] Upload Sourcemap";
			runOnlyForDeploymentPostprocessing = 0;
			shellPath = /bin/sh;
			shellScript = "bash \"../node_modules/instabug-reactnative/ios/upload_sourcemap.sh\"";
		};
		458D935C4D59706056B8FAF7 /* [CP-User] [RNFB] Core Configuration */ = {
			isa = PBXShellScriptBuildPhase;
			buildActionMask = 2147483647;
			files = (
			);
			inputPaths = (
				"$(BUILT_PRODUCTS_DIR)/$(INFOPLIST_PATH)",
			);
			name = "[CP-User] [RNFB] Core Configuration";
			runOnlyForDeploymentPostprocessing = 0;
			shellPath = /bin/sh;
			shellScript = "#!/usr/bin/env bash\n#\n# Copyright (c) 2016-present Invertase Limited & Contributors\n#\n# Licensed under the Apache License, Version 2.0 (the \"License\");\n# you may not use this library except in compliance with the License.\n# You may obtain a copy of the License at\n#\n#   http://www.apache.org/licenses/LICENSE-2.0\n#\n# Unless required by applicable law or agreed to in writing, software\n# distributed under the License is distributed on an \"AS IS\" BASIS,\n# WITHOUT WARRANTIES OR CONDITIONS OF ANY KIND, either express or implied.\n# See the License for the specific language governing permissions and\n# limitations under the License.\n#\nset -e\n\n_MAX_LOOKUPS=2;\n_SEARCH_RESULT=''\n_RN_ROOT_EXISTS=''\n_CURRENT_LOOKUPS=1\n_JSON_ROOT=\"'react-native'\"\n_JSON_FILE_NAME='firebase.json'\n_JSON_OUTPUT_BASE64='e30=' # { }\n_CURRENT_SEARCH_DIR=${PROJECT_DIR}\n_PLIST_BUDDY=/usr/libexec/PlistBuddy\n_TARGET_PLIST=\"${BUILT_PRODUCTS_DIR}/${INFOPLIST_PATH}\"\n_DSYM_PLIST=\"${DWARF_DSYM_FOLDER_PATH}/${DWARF_DSYM_FILE_NAME}/Contents/Info.plist\"\n\n# plist arrays\n_PLIST_ENTRY_KEYS=()\n_PLIST_ENTRY_TYPES=()\n_PLIST_ENTRY_VALUES=()\n\nfunction setPlistValue {\n  echo \"info:      setting plist entry '$1' of type '$2' in file '$4'\"\n  ${_PLIST_BUDDY} -c \"Add :$1 $2 '$3'\" $4 || echo \"info:      '$1' already exists\"\n}\n\nfunction getFirebaseJsonKeyValue () {\n  if [[ ${_RN_ROOT_EXISTS} ]]; then\n    ruby -Ku -e \"require 'rubygems';require 'json'; output=JSON.parse('$1'); puts output[$_JSON_ROOT]['$2']\"\n  else\n    echo \"\"\n  fi;\n}\n\nfunction jsonBoolToYesNo () {\n  if [[ $1 == \"false\" ]]; then\n    echo \"NO\"\n  elif [[ $1 == \"true\" ]]; then\n    echo \"YES\"\n  else echo \"NO\"\n  fi\n}\n\necho \"info: -> RNFB build script started\"\necho \"info: 1) Locating ${_JSON_FILE_NAME} file:\"\n\nif [[ -z ${_CURRENT_SEARCH_DIR} ]]; then\n  _CURRENT_SEARCH_DIR=$(pwd)\nfi;\n\nwhile true; do\n  _CURRENT_SEARCH_DIR=$(dirname \"$_CURRENT_SEARCH_DIR\")\n  if [[ \"$_CURRENT_SEARCH_DIR\" == \"/\" ]] || [[ ${_CURRENT_LOOKUPS} -gt ${_MAX_LOOKUPS} ]]; then break; fi;\n  echo \"info:      ($_CURRENT_LOOKUPS of $_MAX_LOOKUPS) Searching in '$_CURRENT_SEARCH_DIR' for a ${_JSON_FILE_NAME} file.\"\n  _SEARCH_RESULT=$(find \"$_CURRENT_SEARCH_DIR\" -maxdepth 2 -name ${_JSON_FILE_NAME} -print | /usr/bin/head -n 1)\n  if [[ ${_SEARCH_RESULT} ]]; then\n    echo \"info:      ${_JSON_FILE_NAME} found at $_SEARCH_RESULT\"\n    break;\n  fi;\n  _CURRENT_LOOKUPS=$((_CURRENT_LOOKUPS+1))\ndone\n\nif [[ ${_SEARCH_RESULT} ]]; then\n  _JSON_OUTPUT_RAW=$(cat \"${_SEARCH_RESULT}\")\n  _RN_ROOT_EXISTS=$(ruby -Ku -e \"require 'rubygems';require 'json'; output=JSON.parse('$_JSON_OUTPUT_RAW'); puts output[$_JSON_ROOT]\" || echo '')\n\n  if [[ ${_RN_ROOT_EXISTS} ]]; then\n    if ! python3 --version >/dev/null 2>&1; then echo \"python3 not found, firebase.json file processing error.\" && exit 1; fi\n    _JSON_OUTPUT_BASE64=$(python3 -c 'import json,sys,base64;print(base64.b64encode(bytes(json.dumps(json.loads(open('\"'${_SEARCH_RESULT}'\"', '\"'rb'\"').read())['${_JSON_ROOT}']), '\"'utf-8'\"')).decode())' || echo \"e30=\")\n  fi\n\n  _PLIST_ENTRY_KEYS+=(\"firebase_json_raw\")\n  _PLIST_ENTRY_TYPES+=(\"string\")\n  _PLIST_ENTRY_VALUES+=(\"$_JSON_OUTPUT_BASE64\")\n\n  # config.app_data_collection_default_enabled\n  _APP_DATA_COLLECTION_ENABLED=$(getFirebaseJsonKeyValue \"$_JSON_OUTPUT_RAW\" \"app_data_collection_default_enabled\")\n  if [[ $_APP_DATA_COLLECTION_ENABLED ]]; then\n    _PLIST_ENTRY_KEYS+=(\"FirebaseDataCollectionDefaultEnabled\")\n    _PLIST_ENTRY_TYPES+=(\"bool\")\n    _PLIST_ENTRY_VALUES+=(\"$(jsonBoolToYesNo \"$_APP_DATA_COLLECTION_ENABLED\")\")\n  fi\n\n  # config.analytics_auto_collection_enabled\n  _ANALYTICS_AUTO_COLLECTION=$(getFirebaseJsonKeyValue \"$_JSON_OUTPUT_RAW\" \"analytics_auto_collection_enabled\")\n  if [[ $_ANALYTICS_AUTO_COLLECTION ]]; then\n    _PLIST_ENTRY_KEYS+=(\"FIREBASE_ANALYTICS_COLLECTION_ENABLED\")\n    _PLIST_ENTRY_TYPES+=(\"bool\")\n    _PLIST_ENTRY_VALUES+=(\"$(jsonBoolToYesNo \"$_ANALYTICS_AUTO_COLLECTION\")\")\n  fi\n\n  # config.analytics_collection_deactivated\n  _ANALYTICS_DEACTIVATED=$(getFirebaseJsonKeyValue \"$_JSON_OUTPUT_RAW\" \"analytics_collection_deactivated\")\n  if [[ $_ANALYTICS_DEACTIVATED ]]; then\n    _PLIST_ENTRY_KEYS+=(\"FIREBASE_ANALYTICS_COLLECTION_DEACTIVATED\")\n    _PLIST_ENTRY_TYPES+=(\"bool\")\n    _PLIST_ENTRY_VALUES+=(\"$(jsonBoolToYesNo \"$_ANALYTICS_DEACTIVATED\")\")\n  fi\n\n  # config.analytics_idfv_collection_enabled\n  _ANALYTICS_IDFV_COLLECTION=$(getFirebaseJsonKeyValue \"$_JSON_OUTPUT_RAW\" \"analytics_idfv_collection_enabled\")\n  if [[ $_ANALYTICS_IDFV_COLLECTION ]]; then\n    _PLIST_ENTRY_KEYS+=(\"GOOGLE_ANALYTICS_IDFV_COLLECTION_ENABLED\")\n    _PLIST_ENTRY_TYPES+=(\"bool\")\n    _PLIST_ENTRY_VALUES+=(\"$(jsonBoolToYesNo \"$_ANALYTICS_IDFV_COLLECTION\")\")\n  fi\n\n  # config.analytics_default_allow_ad_personalization_signals\n  _ANALYTICS_PERSONALIZATION=$(getFirebaseJsonKeyValue \"$_JSON_OUTPUT_RAW\" \"analytics_default_allow_ad_personalization_signals\")\n  if [[ $_ANALYTICS_PERSONALIZATION ]]; then\n    _PLIST_ENTRY_KEYS+=(\"GOOGLE_ANALYTICS_DEFAULT_ALLOW_AD_PERSONALIZATION_SIGNALS\")\n    _PLIST_ENTRY_TYPES+=(\"bool\")\n    _PLIST_ENTRY_VALUES+=(\"$(jsonBoolToYesNo \"$_ANALYTICS_PERSONALIZATION\")\")\n  fi\n\n  # config.analytics_registration_with_ad_network_enabled\n  _ANALYTICS_REGISTRATION_WITH_AD_NETWORK=$(getFirebaseJsonKeyValue \"$_JSON_OUTPUT_RAW\" \"google_analytics_registration_with_ad_network_enabled\")\n  if [[ $_ANALYTICS_REGISTRATION_WITH_AD_NETWORK ]]; then\n    _PLIST_ENTRY_KEYS+=(\"GOOGLE_ANALYTICS_REGISTRATION_WITH_AD_NETWORK_ENABLED\")\n    _PLIST_ENTRY_TYPES+=(\"bool\")\n    _PLIST_ENTRY_VALUES+=(\"$(jsonBoolToYesNo \"$_ANALYTICS_REGISTRATION_WITH_AD_NETWORK\")\")\n  fi\n\n  # config.google_analytics_automatic_screen_reporting_enabled\n  _ANALYTICS_AUTO_SCREEN_REPORTING=$(getFirebaseJsonKeyValue \"$_JSON_OUTPUT_RAW\" \"google_analytics_automatic_screen_reporting_enabled\")\n  if [[ $_ANALYTICS_AUTO_SCREEN_REPORTING ]]; then\n    _PLIST_ENTRY_KEYS+=(\"FirebaseAutomaticScreenReportingEnabled\")\n    _PLIST_ENTRY_TYPES+=(\"bool\")\n    _PLIST_ENTRY_VALUES+=(\"$(jsonBoolToYesNo \"$_ANALYTICS_AUTO_SCREEN_REPORTING\")\")\n  fi\n\n  # config.perf_auto_collection_enabled\n  _PERF_AUTO_COLLECTION=$(getFirebaseJsonKeyValue \"$_JSON_OUTPUT_RAW\" \"perf_auto_collection_enabled\")\n  if [[ $_PERF_AUTO_COLLECTION ]]; then\n    _PLIST_ENTRY_KEYS+=(\"firebase_performance_collection_enabled\")\n    _PLIST_ENTRY_TYPES+=(\"bool\")\n    _PLIST_ENTRY_VALUES+=(\"$(jsonBoolToYesNo \"$_PERF_AUTO_COLLECTION\")\")\n  fi\n\n  # config.perf_collection_deactivated\n  _PERF_DEACTIVATED=$(getFirebaseJsonKeyValue \"$_JSON_OUTPUT_RAW\" \"perf_collection_deactivated\")\n  if [[ $_PERF_DEACTIVATED ]]; then\n    _PLIST_ENTRY_KEYS+=(\"firebase_performance_collection_deactivated\")\n    _PLIST_ENTRY_TYPES+=(\"bool\")\n    _PLIST_ENTRY_VALUES+=(\"$(jsonBoolToYesNo \"$_PERF_DEACTIVATED\")\")\n  fi\n\n  # config.messaging_auto_init_enabled\n  _MESSAGING_AUTO_INIT=$(getFirebaseJsonKeyValue \"$_JSON_OUTPUT_RAW\" \"messaging_auto_init_enabled\")\n  if [[ $_MESSAGING_AUTO_INIT ]]; then\n    _PLIST_ENTRY_KEYS+=(\"FirebaseMessagingAutoInitEnabled\")\n    _PLIST_ENTRY_TYPES+=(\"bool\")\n    _PLIST_ENTRY_VALUES+=(\"$(jsonBoolToYesNo \"$_MESSAGING_AUTO_INIT\")\")\n  fi\n\n  # config.in_app_messaging_auto_colllection_enabled\n  _FIAM_AUTO_INIT=$(getFirebaseJsonKeyValue \"$_JSON_OUTPUT_RAW\" \"in_app_messaging_auto_collection_enabled\")\n  if [[ $_FIAM_AUTO_INIT ]]; then\n    _PLIST_ENTRY_KEYS+=(\"FirebaseInAppMessagingAutomaticDataCollectionEnabled\")\n    _PLIST_ENTRY_TYPES+=(\"bool\")\n    _PLIST_ENTRY_VALUES+=(\"$(jsonBoolToYesNo \"$_FIAM_AUTO_INIT\")\")\n  fi\n\n  # config.app_check_token_auto_refresh\n  _APP_CHECK_TOKEN_AUTO_REFRESH=$(getFirebaseJsonKeyValue \"$_JSON_OUTPUT_RAW\" \"app_check_token_auto_refresh\")\n  if [[ $_APP_CHECK_TOKEN_AUTO_REFRESH ]]; then\n    _PLIST_ENTRY_KEYS+=(\"FirebaseAppCheckTokenAutoRefreshEnabled\")\n    _PLIST_ENTRY_TYPES+=(\"bool\")\n    _PLIST_ENTRY_VALUES+=(\"$(jsonBoolToYesNo \"$_APP_CHECK_TOKEN_AUTO_REFRESH\")\")\n  fi\n\n  # config.crashlytics_disable_auto_disabler - undocumented for now - mainly for debugging, document if becomes useful\n  _CRASHLYTICS_AUTO_DISABLE_ENABLED=$(getFirebaseJsonKeyValue \"$_JSON_OUTPUT_RAW\" \"crashlytics_disable_auto_disabler\")\n  if [[ $_CRASHLYTICS_AUTO_DISABLE_ENABLED == \"true\" ]]; then\n    echo \"Disabled Crashlytics auto disabler.\" # do nothing\n  else\n    _PLIST_ENTRY_KEYS+=(\"FirebaseCrashlyticsCollectionEnabled\")\n    _PLIST_ENTRY_TYPES+=(\"bool\")\n    _PLIST_ENTRY_VALUES+=(\"NO\")\n  fi\nelse\n  _PLIST_ENTRY_KEYS+=(\"firebase_json_raw\")\n  _PLIST_ENTRY_TYPES+=(\"string\")\n  _PLIST_ENTRY_VALUES+=(\"$_JSON_OUTPUT_BASE64\")\n  echo \"warning:   A firebase.json file was not found, whilst this file is optional it is recommended to include it to configure firebase services in React Native Firebase.\"\nfi;\n\necho \"info: 2) Injecting Info.plist entries: \"\n\n# Log out the keys we're adding\nfor i in \"${!_PLIST_ENTRY_KEYS[@]}\"; do\n  echo \"    ->  $i) ${_PLIST_ENTRY_KEYS[$i]}\" \"${_PLIST_ENTRY_TYPES[$i]}\" \"${_PLIST_ENTRY_VALUES[$i]}\"\ndone\n\nfor plist in \"${_TARGET_PLIST}\" \"${_DSYM_PLIST}\" ; do\n  if [[ -f \"${plist}\" ]]; then\n\n    # paths with spaces break the call to setPlistValue. temporarily modify\n    # the shell internal field separator variable (IFS), which normally\n    # includes spaces, to consist only of line breaks\n    oldifs=$IFS\n    IFS=\"\n\"\n\n    for i in \"${!_PLIST_ENTRY_KEYS[@]}\"; do\n      setPlistValue \"${_PLIST_ENTRY_KEYS[$i]}\" \"${_PLIST_ENTRY_TYPES[$i]}\" \"${_PLIST_ENTRY_VALUES[$i]}\" \"${plist}\"\n    done\n\n    # restore the original internal field separator value\n    IFS=$oldifs\n  else\n    echo \"warning:   A Info.plist build output file was not found (${plist})\"\n  fi\ndone\n\necho \"info: <- RNFB build script finished\"\n";
		};
		C48E173EC53B34C96328693F /* [CP] Check Pods Manifest.lock */ = {
			isa = PBXShellScriptBuildPhase;
			buildActionMask = 2147483647;
			files = (
			);
			inputFileListPaths = (
			);
			inputPaths = (
				"${PODS_PODFILE_DIR_PATH}/Podfile.lock",
				"${PODS_ROOT}/Manifest.lock",
			);
			name = "[CP] Check Pods Manifest.lock";
			outputFileListPaths = (
			);
			outputPaths = (
				"$(DERIVED_FILE_DIR)/Pods-mbanative-checkManifestLockResult.txt",
			);
			runOnlyForDeploymentPostprocessing = 0;
			shellPath = /bin/sh;
			shellScript = "diff \"${PODS_PODFILE_DIR_PATH}/Podfile.lock\" \"${PODS_ROOT}/Manifest.lock\" > /dev/null\nif [ $? != 0 ] ; then\n    # print error to STDERR\n    echo \"error: The sandbox is not in sync with the Podfile.lock. Run 'pod install' or update your CocoaPods installation.\" >&2\n    exit 1\nfi\n# This output is used by Xcode 'outputs' to avoid re-running this script phase.\necho \"SUCCESS\" > \"${SCRIPT_OUTPUT_FILE_0}\"\n";
			showEnvVarsInLog = 0;
		};
/* End PBXShellScriptBuildPhase section */

/* Begin PBXSourcesBuildPhase section */
		7414BA712C9B5AAB005A589F /* Sources */ = {
			isa = PBXSourcesBuildPhase;
			buildActionMask = 2147483647;
			files = (
				7462C8822C9CA5B200276187 /* AppDelegate.swift in Sources */,
				7462C86B2C9B64BF00276187 /* SecondView.swift in Sources */,
				7414BA7B2C9B5AAB005A589F /* ContentView.swift in Sources */,
				7414BA792C9B5AAB005A589F /* mbanativeApp.swift in Sources */,
			);
			runOnlyForDeploymentPostprocessing = 0;
		};
/* End PBXSourcesBuildPhase section */

/* Begin XCBuildConfiguration section */
		7414BA812C9B5AAD005A589F /* Debug */ = {
			isa = XCBuildConfiguration;
			buildSettings = {
				ALWAYS_SEARCH_USER_PATHS = NO;
				CLANG_ANALYZER_NONNULL = YES;
				CLANG_ANALYZER_NUMBER_OBJECT_CONVERSION = YES_AGGRESSIVE;
				CLANG_CXX_LANGUAGE_STANDARD = "c++20";
				CLANG_ENABLE_MODULES = YES;
				CLANG_ENABLE_OBJC_ARC = YES;
				CLANG_ENABLE_OBJC_WEAK = YES;
				CLANG_WARN_BLOCK_CAPTURE_AUTORELEASING = YES;
				CLANG_WARN_BOOL_CONVERSION = YES;
				CLANG_WARN_COMMA = YES;
				CLANG_WARN_CONSTANT_CONVERSION = YES;
				CLANG_WARN_DEPRECATED_OBJC_IMPLEMENTATIONS = YES;
				CLANG_WARN_DIRECT_OBJC_ISA_USAGE = YES_ERROR;
				CLANG_WARN_DOCUMENTATION_COMMENTS = YES;
				CLANG_WARN_EMPTY_BODY = YES;
				CLANG_WARN_ENUM_CONVERSION = YES;
				CLANG_WARN_INFINITE_RECURSION = YES;
				CLANG_WARN_INT_CONVERSION = YES;
				CLANG_WARN_NON_LITERAL_NULL_CONVERSION = YES;
				CLANG_WARN_OBJC_IMPLICIT_RETAIN_SELF = YES;
				CLANG_WARN_OBJC_LITERAL_CONVERSION = YES;
				CLANG_WARN_OBJC_ROOT_CLASS = YES_ERROR;
				CLANG_WARN_QUOTED_INCLUDE_IN_FRAMEWORK_HEADER = YES;
				CLANG_WARN_RANGE_LOOP_ANALYSIS = YES;
				CLANG_WARN_STRICT_PROTOTYPES = YES;
				CLANG_WARN_SUSPICIOUS_MOVE = YES;
				CLANG_WARN_UNGUARDED_AVAILABILITY = YES_AGGRESSIVE;
				CLANG_WARN_UNREACHABLE_CODE = YES;
				CLANG_WARN__DUPLICATE_METHOD_MATCH = YES;
				COPY_PHASE_STRIP = NO;
				DEBUG_INFORMATION_FORMAT = dwarf;
				ENABLE_STRICT_OBJC_MSGSEND = YES;
				ENABLE_TESTABILITY = YES;
				"EXCLUDED_ARCHS[sdk=iphonesimulator*]" = i386;
				GCC_C_LANGUAGE_STANDARD = gnu11;
				GCC_DYNAMIC_NO_PIC = NO;
				GCC_NO_COMMON_BLOCKS = YES;
				GCC_OPTIMIZATION_LEVEL = 0;
				GCC_PREPROCESSOR_DEFINITIONS = (
					"DEBUG=1",
					"$(inherited)",
				);
				GCC_WARN_64_TO_32_BIT_CONVERSION = YES;
				GCC_WARN_ABOUT_RETURN_TYPE = YES_ERROR;
				GCC_WARN_UNDECLARED_SELECTOR = YES;
				GCC_WARN_UNINITIALIZED_AUTOS = YES_AGGRESSIVE;
				GCC_WARN_UNUSED_FUNCTION = YES;
				GCC_WARN_UNUSED_VARIABLE = YES;
				IPHONEOS_DEPLOYMENT_TARGET = 16.2;
				MTL_ENABLE_DEBUG_INFO = INCLUDE_SOURCE;
				MTL_FAST_MATH = YES;
				ONLY_ACTIVE_ARCH = YES;
				OTHER_CFLAGS = "$(inherited)";
				OTHER_CPLUSPLUSFLAGS = "$(inherited)";
				OTHER_LDFLAGS = "$(inherited)  ";
				REACT_NATIVE_PATH = "${PODS_ROOT}/../../node_modules/react-native";
				SDKROOT = iphoneos;
				SWIFT_ACTIVE_COMPILATION_CONDITIONS = DEBUG;
				SWIFT_OPTIMIZATION_LEVEL = "-Onone";
				USE_HERMES = true;
			};
			name = Debug;
		};
		7414BA822C9B5AAD005A589F /* Release */ = {
			isa = XCBuildConfiguration;
			buildSettings = {
				ALWAYS_SEARCH_USER_PATHS = NO;
				CLANG_ANALYZER_NONNULL = YES;
				CLANG_ANALYZER_NUMBER_OBJECT_CONVERSION = YES_AGGRESSIVE;
				CLANG_CXX_LANGUAGE_STANDARD = "c++20";
				CLANG_ENABLE_MODULES = YES;
				CLANG_ENABLE_OBJC_ARC = YES;
				CLANG_ENABLE_OBJC_WEAK = YES;
				CLANG_WARN_BLOCK_CAPTURE_AUTORELEASING = YES;
				CLANG_WARN_BOOL_CONVERSION = YES;
				CLANG_WARN_COMMA = YES;
				CLANG_WARN_CONSTANT_CONVERSION = YES;
				CLANG_WARN_DEPRECATED_OBJC_IMPLEMENTATIONS = YES;
				CLANG_WARN_DIRECT_OBJC_ISA_USAGE = YES_ERROR;
				CLANG_WARN_DOCUMENTATION_COMMENTS = YES;
				CLANG_WARN_EMPTY_BODY = YES;
				CLANG_WARN_ENUM_CONVERSION = YES;
				CLANG_WARN_INFINITE_RECURSION = YES;
				CLANG_WARN_INT_CONVERSION = YES;
				CLANG_WARN_NON_LITERAL_NULL_CONVERSION = YES;
				CLANG_WARN_OBJC_IMPLICIT_RETAIN_SELF = YES;
				CLANG_WARN_OBJC_LITERAL_CONVERSION = YES;
				CLANG_WARN_OBJC_ROOT_CLASS = YES_ERROR;
				CLANG_WARN_QUOTED_INCLUDE_IN_FRAMEWORK_HEADER = YES;
				CLANG_WARN_RANGE_LOOP_ANALYSIS = YES;
				CLANG_WARN_STRICT_PROTOTYPES = YES;
				CLANG_WARN_SUSPICIOUS_MOVE = YES;
				CLANG_WARN_UNGUARDED_AVAILABILITY = YES_AGGRESSIVE;
				CLANG_WARN_UNREACHABLE_CODE = YES;
				CLANG_WARN__DUPLICATE_METHOD_MATCH = YES;
				COPY_PHASE_STRIP = NO;
				DEBUG_INFORMATION_FORMAT = "dwarf-with-dsym";
				ENABLE_NS_ASSERTIONS = NO;
				ENABLE_STRICT_OBJC_MSGSEND = YES;
				"EXCLUDED_ARCHS[sdk=iphonesimulator*]" = i386;
				GCC_C_LANGUAGE_STANDARD = gnu11;
				GCC_NO_COMMON_BLOCKS = YES;
				GCC_WARN_64_TO_32_BIT_CONVERSION = YES;
				GCC_WARN_ABOUT_RETURN_TYPE = YES_ERROR;
				GCC_WARN_UNDECLARED_SELECTOR = YES;
				GCC_WARN_UNINITIALIZED_AUTOS = YES_AGGRESSIVE;
				GCC_WARN_UNUSED_FUNCTION = YES;
				GCC_WARN_UNUSED_VARIABLE = YES;
				IPHONEOS_DEPLOYMENT_TARGET = 16.2;
				MTL_ENABLE_DEBUG_INFO = NO;
				MTL_FAST_MATH = YES;
				OTHER_CFLAGS = "$(inherited)";
				OTHER_CPLUSPLUSFLAGS = "$(inherited)";
				OTHER_LDFLAGS = "$(inherited)  ";
				REACT_NATIVE_PATH = "${PODS_ROOT}/../../node_modules/react-native";
				SDKROOT = iphoneos;
				SWIFT_COMPILATION_MODE = wholemodule;
				SWIFT_OPTIMIZATION_LEVEL = "-O";
				USE_HERMES = true;
				VALIDATE_PRODUCT = YES;
			};
			name = Release;
		};
		7414BA842C9B5AAD005A589F /* Debug */ = {
			isa = XCBuildConfiguration;
			baseConfigurationReference = 941D2400ABA6A5F9F216CC5B /* Pods-mbanative.debug.xcconfig */;
			buildSettings = {
				ASSETCATALOG_COMPILER_APPICON_NAME = AppIcon;
				ASSETCATALOG_COMPILER_GLOBAL_ACCENT_COLOR_NAME = AccentColor;
				CODE_SIGN_STYLE = Automatic;
				CURRENT_PROJECT_VERSION = 1;
				DEVELOPMENT_ASSET_PATHS = "\"mbanative/Preview Content\"";
				DEVELOPMENT_TEAM = AQ4Y3R7DHC;
				ENABLE_PREVIEWS = YES;
				GENERATE_INFOPLIST_FILE = YES;
				INFOPLIST_FILE = mbanative/Info.plist;
				INFOPLIST_KEY_UIApplicationSceneManifest_Generation = YES;
				INFOPLIST_KEY_UIApplicationSupportsIndirectInputEvents = YES;
				INFOPLIST_KEY_UILaunchScreen_Generation = YES;
				INFOPLIST_KEY_UISupportedInterfaceOrientations_iPad = "UIInterfaceOrientationPortrait UIInterfaceOrientationPortraitUpsideDown UIInterfaceOrientationLandscapeLeft UIInterfaceOrientationLandscapeRight";
				INFOPLIST_KEY_UISupportedInterfaceOrientations_iPhone = "UIInterfaceOrientationPortrait UIInterfaceOrientationLandscapeLeft UIInterfaceOrientationLandscapeRight";
				LD_RUNPATH_SEARCH_PATHS = (
					"$(inherited)",
					"@executable_path/Frameworks",
				);
				MARKETING_VERSION = 1.0;
				PRODUCT_BUNDLE_IDENTIFIER = com.vibelyinc.vibely;
				PRODUCT_NAME = "$(TARGET_NAME)";
				SWIFT_EMIT_LOC_STRINGS = YES;
				SWIFT_VERSION = 5.0;
				TARGETED_DEVICE_FAMILY = "1,2";
			};
			name = Debug;
		};
		7414BA852C9B5AAD005A589F /* Release */ = {
			isa = XCBuildConfiguration;
			baseConfigurationReference = 34662532DD0C5F4EBE1D0B2D /* Pods-mbanative.release.xcconfig */;
			buildSettings = {
				ASSETCATALOG_COMPILER_APPICON_NAME = AppIcon;
				ASSETCATALOG_COMPILER_GLOBAL_ACCENT_COLOR_NAME = AccentColor;
				CODE_SIGN_STYLE = Automatic;
				CURRENT_PROJECT_VERSION = 1;
				DEVELOPMENT_ASSET_PATHS = "\"mbanative/Preview Content\"";
				DEVELOPMENT_TEAM = AQ4Y3R7DHC;
				ENABLE_PREVIEWS = YES;
				"EXCLUDED_ARCHS[sdk=iphonesimulator*]" = arm64;
				GENERATE_INFOPLIST_FILE = YES;
				INFOPLIST_FILE = mbanative/Info.plist;
				INFOPLIST_KEY_UIApplicationSceneManifest_Generation = YES;
				INFOPLIST_KEY_UIApplicationSupportsIndirectInputEvents = YES;
				INFOPLIST_KEY_UILaunchScreen_Generation = YES;
				INFOPLIST_KEY_UISupportedInterfaceOrientations_iPad = "UIInterfaceOrientationPortrait UIInterfaceOrientationPortraitUpsideDown UIInterfaceOrientationLandscapeLeft UIInterfaceOrientationLandscapeRight";
				INFOPLIST_KEY_UISupportedInterfaceOrientations_iPhone = "UIInterfaceOrientationPortrait UIInterfaceOrientationLandscapeLeft UIInterfaceOrientationLandscapeRight";
				LD_RUNPATH_SEARCH_PATHS = (
					"$(inherited)",
					"@executable_path/Frameworks",
				);
				MARKETING_VERSION = 1.0;
				ONLY_ACTIVE_ARCH = YES;
				PRODUCT_BUNDLE_IDENTIFIER = com.vibelyinc.vibely;
				PRODUCT_NAME = "$(TARGET_NAME)";
				SWIFT_EMIT_LOC_STRINGS = YES;
				SWIFT_VERSION = 5.0;
				TARGETED_DEVICE_FAMILY = "1,2";
			};
			name = Release;
		};
/* End XCBuildConfiguration section */

/* Begin XCConfigurationList section */
		7414BA702C9B5AAB005A589F /* Build configuration list for PBXProject "mbanative" */ = {
			isa = XCConfigurationList;
			buildConfigurations = (
				7414BA812C9B5AAD005A589F /* Debug */,
				7414BA822C9B5AAD005A589F /* Release */,
			);
			defaultConfigurationIsVisible = 0;
			defaultConfigurationName = Release;
		};
		7414BA832C9B5AAD005A589F /* Build configuration list for PBXNativeTarget "mbanative" */ = {
			isa = XCConfigurationList;
			buildConfigurations = (
				7414BA842C9B5AAD005A589F /* Debug */,
				7414BA852C9B5AAD005A589F /* Release */,
			);
			defaultConfigurationIsVisible = 0;
			defaultConfigurationName = Release;
		};
/* End XCConfigurationList section */
	};
	rootObject = 7414BA6D2C9B5AAB005A589F /* Project object */;
}
