// !$*UTF8*$!
{
	archiveVersion = 1;
	classes = {
	};
	objectVersion = 56;
	objects = {

/* Begin PBXBuildFile section */
		182DE365A5085FC6685C5DD4 /* libPods-mbanative.a in Frameworks */ = {isa = PBXBuildFile; fileRef = 58765951C66ABF56A29AB9F3 /* libPods-mbanative.a */; };
		33D9972F2CAF0146009F22A7 /* main.jsbundle in Resources */ = {isa = PBXBuildFile; fileRef = 33D9972E2CAF0146009F22A7 /* main.jsbundle */; };
		7414BA792C9B5AAB005A589F /* mbanativeApp.swift in Sources */ = {isa = PBXBuildFile; fileRef = 7414BA782C9B5AAB005A589F /* mbanativeApp.swift */; };
		7414BA7B2C9B5AAB005A589F /* ContentView.swift in Sources */ = {isa = PBXBuildFile; fileRef = 7414BA7A2C9B5AAB005A589F /* ContentView.swift */; };
		7414BA7D2C9B5AAD005A589F /* Assets.xcassets in Resources */ = {isa = PBXBuildFile; fileRef = 7414BA7C2C9B5AAD005A589F /* Assets.xcassets */; };
		7414BA802C9B5AAD005A589F /* Preview Assets.xcassets in Resources */ = {isa = PBXBuildFile; fileRef = 7414BA7F2C9B5AAD005A589F /* Preview Assets.xcassets */; };
		7462C86B2C9B64BF00276187 /* SecondView.swift in Sources */ = {isa = PBXBuildFile; fileRef = 7462C86A2C9B64BF00276187 /* SecondView.swift */; };
		7462C8822C9CA5B200276187 /* AppDelegate.swift in Sources */ = {isa = PBXBuildFile; fileRef = 7462C8812C9CA5B200276187 /* AppDelegate.swift */; };
/* End PBXBuildFile section */

/* Begin PBXFileReference section */
		33D9972E2CAF0146009F22A7 /* main.jsbundle */ = {isa = PBXFileReference; lastKnownFileType = text; path = main.jsbundle; sourceTree = "<group>"; };
		34662532DD0C5F4EBE1D0B2D /* Pods-mbanative.release.xcconfig */ = {isa = PBXFileReference; includeInIndex = 1; lastKnownFileType = text.xcconfig; name = "Pods-mbanative.release.xcconfig"; path = "Target Support Files/Pods-mbanative/Pods-mbanative.release.xcconfig"; sourceTree = "<group>"; };
		58765951C66ABF56A29AB9F3 /* libPods-mbanative.a */ = {isa = PBXFileReference; explicitFileType = archive.ar; includeInIndex = 0; path = "libPods-mbanative.a"; sourceTree = BUILT_PRODUCTS_DIR; };
		7414BA752C9B5AAB005A589F /* mbanative.app */ = {isa = PBXFileReference; explicitFileType = wrapper.application; includeInIndex = 0; path = mbanative.app; sourceTree = BUILT_PRODUCTS_DIR; };
		7414BA782C9B5AAB005A589F /* mbanativeApp.swift */ = {isa = PBXFileReference; lastKnownFileType = sourcecode.swift; path = mbanativeApp.swift; sourceTree = "<group>"; };
		7414BA7A2C9B5AAB005A589F /* ContentView.swift */ = {isa = PBXFileReference; lastKnownFileType = sourcecode.swift; path = ContentView.swift; sourceTree = "<group>"; };
		7414BA7C2C9B5AAD005A589F /* Assets.xcassets */ = {isa = PBXFileReference; lastKnownFileType = folder.assetcatalog; path = Assets.xcassets; sourceTree = "<group>"; };
		7414BA7F2C9B5AAD005A589F /* Preview Assets.xcassets */ = {isa = PBXFileReference; lastKnownFileType = folder.assetcatalog; path = "Preview Assets.xcassets"; sourceTree = "<group>"; };
		7462C86A2C9B64BF00276187 /* SecondView.swift */ = {isa = PBXFileReference; lastKnownFileType = sourcecode.swift; path = SecondView.swift; sourceTree = "<group>"; };
		7462C86E2C9C605C00276187 /* Info.plist */ = {isa = PBXFileReference; lastKnownFileType = text.plist; path = Info.plist; sourceTree = "<group>"; };
		7462C8812C9CA5B200276187 /* AppDelegate.swift */ = {isa = PBXFileReference; lastKnownFileType = sourcecode.swift; path = AppDelegate.swift; sourceTree = "<group>"; };
		941D2400ABA6A5F9F216CC5B /* Pods-mbanative.debug.xcconfig */ = {isa = PBXFileReference; includeInIndex = 1; lastKnownFileType = text.xcconfig; name = "Pods-mbanative.debug.xcconfig"; path = "Target Support Files/Pods-mbanative/Pods-mbanative.debug.xcconfig"; sourceTree = "<group>"; };
/* End PBXFileReference section */

/* Begin PBXFrameworksBuildPhase section */
		7414BA722C9B5AAB005A589F /* Frameworks */ = {
			isa = PBXFrameworksBuildPhase;
			buildActionMask = 2147483647;
			files = (
				182DE365A5085FC6685C5DD4 /* libPods-mbanative.a in Frameworks */,
			);
			runOnlyForDeploymentPostprocessing = 0;
		};
/* End PBXFrameworksBuildPhase section */

/* Begin PBXGroup section */
		262FEABDE67F23C6F6FCCE63 /* Frameworks */ = {
			isa = PBXGroup;
			children = (
				58765951C66ABF56A29AB9F3 /* libPods-mbanative.a */,
			);
			name = Frameworks;
			sourceTree = "<group>";
		};
		7414BA6C2C9B5AAB005A589F = {
			isa = PBXGroup;
			children = (
				7414BA772C9B5AAB005A589F /* mbanative */,
				7414BA762C9B5AAB005A589F /* Products */,
				9BB96C50EB657D0D12E251B0 /* Pods */,
				262FEABDE67F23C6F6FCCE63 /* Frameworks */,
				A10193EE8BB94947BBD6EBC3 /* Resources */,
			);
			sourceTree = "<group>";
		};
		7414BA762C9B5AAB005A589F /* Products */ = {
			isa = PBXGroup;
			children = (
				7414BA752C9B5AAB005A589F /* mbanative.app */,
			);
			name = Products;
			sourceTree = "<group>";
		};
		7414BA772C9B5AAB005A589F /* mbanative */ = {
			isa = PBXGroup;
			children = (
				33D9972E2CAF0146009F22A7 /* main.jsbundle */,
				7462C86E2C9C605C00276187 /* Info.plist */,
				7414BA782C9B5AAB005A589F /* mbanativeApp.swift */,
				7462C8812C9CA5B200276187 /* AppDelegate.swift */,
				7414BA7A2C9B5AAB005A589F /* ContentView.swift */,
				7462C86A2C9B64BF00276187 /* SecondView.swift */,
				7414BA7C2C9B5AAD005A589F /* Assets.xcassets */,
				7414BA7E2C9B5AAD005A589F /* Preview Content */,
			);
			path = mbanative;
			sourceTree = "<group>";
		};
		7414BA7E2C9B5AAD005A589F /* Preview Content */ = {
			isa = PBXGroup;
			children = (
				7414BA7F2C9B5AAD005A589F /* Preview Assets.xcassets */,
			);
			path = "Preview Content";
			sourceTree = "<group>";
		};
		9BB96C50EB657D0D12E251B0 /* Pods */ = {
			isa = PBXGroup;
			children = (
				941D2400ABA6A5F9F216CC5B /* Pods-mbanative.debug.xcconfig */,
				34662532DD0C5F4EBE1D0B2D /* Pods-mbanative.release.xcconfig */,
			);
			path = Pods;
			sourceTree = "<group>";
		};
		A10193EE8BB94947BBD6EBC3 /* Resources */ = {
			isa = PBXGroup;
			children = (
			);
			name = Resources;
			sourceTree = "<group>";
		};
/* End PBXGroup section */

/* Begin PBXNativeTarget section */
		7414BA742C9B5AAB005A589F /* mbanative */ = {
			isa = PBXNativeTarget;
			buildConfigurationList = 7414BA832C9B5AAD005A589F /* Build configuration list for PBXNativeTarget "mbanative" */;
			buildPhases = (
				C48E173EC53B34C96328693F /* [CP] Check Pods Manifest.lock */,
				7414BA712C9B5AAB005A589F /* Sources */,
				7414BA722C9B5AAB005A589F /* Frameworks */,
				7414BA732C9B5AAB005A589F /* Resources */,
				1F2F1A8C7251445EA507A6C7 /* [CP] Copy Pods Resources */,
			);
			buildRules = (
			);
			dependencies = (
			);
			name = mbanative;
			productName = mbanative;
			productReference = 7414BA752C9B5AAB005A589F /* mbanative.app */;
			productType = "com.apple.product-type.application";
		};
/* End PBXNativeTarget section */

/* Begin PBXProject section */
		7414BA6D2C9B5AAB005A589F /* Project object */ = {
			isa = PBXProject;
			attributes = {
				BuildIndependentTargetsInParallel = 1;
				LastSwiftUpdateCheck = 1420;
				LastUpgradeCheck = 1420;
				TargetAttributes = {
					7414BA742C9B5AAB005A589F = {
						CreatedOnToolsVersion = 14.2;
					};
				};
			};
			buildConfigurationList = 7414BA702C9B5AAB005A589F /* Build configuration list for PBXProject "mbanative" */;
			compatibilityVersion = "Xcode 14.0";
			developmentRegion = en;
			hasScannedForEncodings = 0;
			knownRegions = (
				en,
				Base,
			);
			mainGroup = 7414BA6C2C9B5AAB005A589F;
			productRefGroup = 7414BA762C9B5AAB005A589F /* Products */;
			projectDirPath = "";
			projectRoot = "";
			targets = (
				7414BA742C9B5AAB005A589F /* mbanative */,
			);
		};
/* End PBXProject section */

/* Begin PBXResourcesBuildPhase section */
		7414BA732C9B5AAB005A589F /* Resources */ = {
			isa = PBXResourcesBuildPhase;
			buildActionMask = 2147483647;
			files = (
				33D9972F2CAF0146009F22A7 /* main.jsbundle in Resources */,
				7414BA802C9B5AAD005A589F /* Preview Assets.xcassets in Resources */,
				7414BA7D2C9B5AAD005A589F /* Assets.xcassets in Resources */,
			);
			runOnlyForDeploymentPostprocessing = 0;
		};
/* End PBXResourcesBuildPhase section */

/* Begin PBXShellScriptBuildPhase section */
		1F2F1A8C7251445EA507A6C7 /* [CP] Copy Pods Resources */ = {
			isa = PBXShellScriptBuildPhase;
			buildActionMask = 2147483647;
			files = (
			);
			inputFileListPaths = (
				"${PODS_ROOT}/Target Support Files/Pods-mbanative/Pods-mbanative-resources-${CONFIGURATION}-input-files.xcfilelist",
			);
			name = "[CP] Copy Pods Resources";
			outputFileListPaths = (
				"${PODS_ROOT}/Target Support Files/Pods-mbanative/Pods-mbanative-resources-${CONFIGURATION}-output-files.xcfilelist",
			);
			runOnlyForDeploymentPostprocessing = 0;
			shellPath = /bin/sh;
			shellScript = "\"${PODS_ROOT}/Target Support Files/Pods-mbanative/Pods-mbanative-resources.sh\"\n";
			showEnvVarsInLog = 0;
		};
		C48E173EC53B34C96328693F /* [CP] Check Pods Manifest.lock */ = {
			isa = PBXShellScriptBuildPhase;
			buildActionMask = 2147483647;
			files = (
			);
			inputFileListPaths = (
			);
			inputPaths = (
				"${PODS_PODFILE_DIR_PATH}/Podfile.lock",
				"${PODS_ROOT}/Manifest.lock",
			);
			name = "[CP] Check Pods Manifest.lock";
			outputFileListPaths = (
			);
			outputPaths = (
				"$(DERIVED_FILE_DIR)/Pods-mbanative-checkManifestLockResult.txt",
			);
			runOnlyForDeploymentPostprocessing = 0;
			shellPath = /bin/sh;
			shellScript = "diff \"${PODS_PODFILE_DIR_PATH}/Podfile.lock\" \"${PODS_ROOT}/Manifest.lock\" > /dev/null\nif [ $? != 0 ] ; then\n    # print error to STDERR\n    echo \"error: The sandbox is not in sync with the Podfile.lock. Run 'pod install' or update your CocoaPods installation.\" >&2\n    exit 1\nfi\n# This output is used by Xcode 'outputs' to avoid re-running this script phase.\necho \"SUCCESS\" > \"${SCRIPT_OUTPUT_FILE_0}\"\n";
			showEnvVarsInLog = 0;
		};
/* End PBXShellScriptBuildPhase section */

/* Begin PBXSourcesBuildPhase section */
		7414BA712C9B5AAB005A589F /* Sources */ = {
			isa = PBXSourcesBuildPhase;
			buildActionMask = 2147483647;
			files = (
				7462C8822C9CA5B200276187 /* AppDelegate.swift in Sources */,
				7462C86B2C9B64BF00276187 /* SecondView.swift in Sources */,
				7414BA7B2C9B5AAB005A589F /* ContentView.swift in Sources */,
				7414BA792C9B5AAB005A589F /* mbanativeApp.swift in Sources */,
			);
			runOnlyForDeploymentPostprocessing = 0;
		};
/* End PBXSourcesBuildPhase section */

/* Begin XCBuildConfiguration section */
		7414BA812C9B5AAD005A589F /* Debug */ = {
			isa = XCBuildConfiguration;
			buildSettings = {
				ALWAYS_SEARCH_USER_PATHS = NO;
				CLANG_ANALYZER_NONNULL = YES;
				CLANG_ANALYZER_NUMBER_OBJECT_CONVERSION = YES_AGGRESSIVE;
				CLANG_CXX_LANGUAGE_STANDARD = "c++20";
				CLANG_ENABLE_MODULES = YES;
				CLANG_ENABLE_OBJC_ARC = YES;
				CLANG_ENABLE_OBJC_WEAK = YES;
				CLANG_WARN_BLOCK_CAPTURE_AUTORELEASING = YES;
				CLANG_WARN_BOOL_CONVERSION = YES;
				CLANG_WARN_COMMA = YES;
				CLANG_WARN_CONSTANT_CONVERSION = YES;
				CLANG_WARN_DEPRECATED_OBJC_IMPLEMENTATIONS = YES;
				CLANG_WARN_DIRECT_OBJC_ISA_USAGE = YES_ERROR;
				CLANG_WARN_DOCUMENTATION_COMMENTS = YES;
				CLANG_WARN_EMPTY_BODY = YES;
				CLANG_WARN_ENUM_CONVERSION = YES;
				CLANG_WARN_INFINITE_RECURSION = YES;
				CLANG_WARN_INT_CONVERSION = YES;
				CLANG_WARN_NON_LITERAL_NULL_CONVERSION = YES;
				CLANG_WARN_OBJC_IMPLICIT_RETAIN_SELF = YES;
				CLANG_WARN_OBJC_LITERAL_CONVERSION = YES;
				CLANG_WARN_OBJC_ROOT_CLASS = YES_ERROR;
				CLANG_WARN_QUOTED_INCLUDE_IN_FRAMEWORK_HEADER = YES;
				CLANG_WARN_RANGE_LOOP_ANALYSIS = YES;
				CLANG_WARN_STRICT_PROTOTYPES = YES;
				CLANG_WARN_SUSPICIOUS_MOVE = YES;
				CLANG_WARN_UNGUARDED_AVAILABILITY = YES_AGGRESSIVE;
				CLANG_WARN_UNREACHABLE_CODE = YES;
				CLANG_WARN__DUPLICATE_METHOD_MATCH = YES;
				COPY_PHASE_STRIP = NO;
				DEBUG_INFORMATION_FORMAT = dwarf;
				ENABLE_STRICT_OBJC_MSGSEND = YES;
				ENABLE_TESTABILITY = YES;
				"EXCLUDED_ARCHS[sdk=iphonesimulator*]" = i386;
				GCC_C_LANGUAGE_STANDARD = gnu11;
				GCC_DYNAMIC_NO_PIC = NO;
				GCC_NO_COMMON_BLOCKS = YES;
				GCC_OPTIMIZATION_LEVEL = 0;
				GCC_PREPROCESSOR_DEFINITIONS = (
					"DEBUG=1",
					"$(inherited)",
				);
				GCC_WARN_64_TO_32_BIT_CONVERSION = YES;
				GCC_WARN_ABOUT_RETURN_TYPE = YES_ERROR;
				GCC_WARN_UNDECLARED_SELECTOR = YES;
				GCC_WARN_UNINITIALIZED_AUTOS = YES_AGGRESSIVE;
				GCC_WARN_UNUSED_FUNCTION = YES;
				GCC_WARN_UNUSED_VARIABLE = YES;
				IPHONEOS_DEPLOYMENT_TARGET = 16.2;
				MTL_ENABLE_DEBUG_INFO = INCLUDE_SOURCE;
				MTL_FAST_MATH = YES;
				ONLY_ACTIVE_ARCH = YES;
				OTHER_CFLAGS = "$(inherited)";
				OTHER_CPLUSPLUSFLAGS = "$(inherited)";
				OTHER_LDFLAGS = "$(inherited)  ";
				REACT_NATIVE_PATH = "${PODS_ROOT}/../../node_modules/react-native";
				SDKROOT = iphoneos;
				SWIFT_ACTIVE_COMPILATION_CONDITIONS = DEBUG;
				SWIFT_OPTIMIZATION_LEVEL = "-Onone";
				USE_HERMES = true;
			};
			name = Debug;
		};
		7414BA822C9B5AAD005A589F /* Release */ = {
			isa = XCBuildConfiguration;
			buildSettings = {
				ALWAYS_SEARCH_USER_PATHS = NO;
				CLANG_ANALYZER_NONNULL = YES;
				CLANG_ANALYZER_NUMBER_OBJECT_CONVERSION = YES_AGGRESSIVE;
				CLANG_CXX_LANGUAGE_STANDARD = "c++20";
				CLANG_ENABLE_MODULES = YES;
				CLANG_ENABLE_OBJC_ARC = YES;
				CLANG_ENABLE_OBJC_WEAK = YES;
				CLANG_WARN_BLOCK_CAPTURE_AUTORELEASING = YES;
				CLANG_WARN_BOOL_CONVERSION = YES;
				CLANG_WARN_COMMA = YES;
				CLANG_WARN_CONSTANT_CONVERSION = YES;
				CLANG_WARN_DEPRECATED_OBJC_IMPLEMENTATIONS = YES;
				CLANG_WARN_DIRECT_OBJC_ISA_USAGE = YES_ERROR;
				CLANG_WARN_DOCUMENTATION_COMMENTS = YES;
				CLANG_WARN_EMPTY_BODY = YES;
				CLANG_WARN_ENUM_CONVERSION = YES;
				CLANG_WARN_INFINITE_RECURSION = YES;
				CLANG_WARN_INT_CONVERSION = YES;
				CLANG_WARN_NON_LITERAL_NULL_CONVERSION = YES;
				CLANG_WARN_OBJC_IMPLICIT_RETAIN_SELF = YES;
				CLANG_WARN_OBJC_LITERAL_CONVERSION = YES;
				CLANG_WARN_OBJC_ROOT_CLASS = YES_ERROR;
				CLANG_WARN_QUOTED_INCLUDE_IN_FRAMEWORK_HEADER = YES;
				CLANG_WARN_RANGE_LOOP_ANALYSIS = YES;
				CLANG_WARN_STRICT_PROTOTYPES = YES;
				CLANG_WARN_SUSPICIOUS_MOVE = YES;
				CLANG_WARN_UNGUARDED_AVAILABILITY = YES_AGGRESSIVE;
				CLANG_WARN_UNREACHABLE_CODE = YES;
				CLANG_WARN__DUPLICATE_METHOD_MATCH = YES;
				COPY_PHASE_STRIP = NO;
				DEBUG_INFORMATION_FORMAT = "dwarf-with-dsym";
				ENABLE_NS_ASSERTIONS = NO;
				ENABLE_STRICT_OBJC_MSGSEND = YES;
				"EXCLUDED_ARCHS[sdk=iphonesimulator*]" = i386;
				GCC_C_LANGUAGE_STANDARD = gnu11;
				GCC_NO_COMMON_BLOCKS = YES;
				GCC_WARN_64_TO_32_BIT_CONVERSION = YES;
				GCC_WARN_ABOUT_RETURN_TYPE = YES_ERROR;
				GCC_WARN_UNDECLARED_SELECTOR = YES;
				GCC_WARN_UNINITIALIZED_AUTOS = YES_AGGRESSIVE;
				GCC_WARN_UNUSED_FUNCTION = YES;
				GCC_WARN_UNUSED_VARIABLE = YES;
				IPHONEOS_DEPLOYMENT_TARGET = 16.2;
				MTL_ENABLE_DEBUG_INFO = NO;
				MTL_FAST_MATH = YES;
				OTHER_CFLAGS = "$(inherited)";
				OTHER_CPLUSPLUSFLAGS = "$(inherited)";
				OTHER_LDFLAGS = "$(inherited)  ";
				REACT_NATIVE_PATH = "${PODS_ROOT}/../../node_modules/react-native";
				SDKROOT = iphoneos;
				SWIFT_COMPILATION_MODE = wholemodule;
				SWIFT_OPTIMIZATION_LEVEL = "-O";
				USE_HERMES = true;
				VALIDATE_PRODUCT = YES;
			};
			name = Release;
		};
		7414BA842C9B5AAD005A589F /* Debug */ = {
			isa = XCBuildConfiguration;
			baseConfigurationReference = 941D2400ABA6A5F9F216CC5B /* Pods-mbanative.debug.xcconfig */;
			buildSettings = {
				ASSETCATALOG_COMPILER_APPICON_NAME = AppIcon;
				ASSETCATALOG_COMPILER_GLOBAL_ACCENT_COLOR_NAME = AccentColor;
				CODE_SIGN_STYLE = Automatic;
				CURRENT_PROJECT_VERSION = 1;
				DEVELOPMENT_ASSET_PATHS = "\"mbanative/Preview Content\"";
				DEVELOPMENT_TEAM = AQ4Y3R7DHC;
				ENABLE_PREVIEWS = YES;
				GENERATE_INFOPLIST_FILE = YES;
				INFOPLIST_FILE = mbanative/Info.plist;
				INFOPLIST_KEY_UIApplicationSceneManifest_Generation = YES;
				INFOPLIST_KEY_UIApplicationSupportsIndirectInputEvents = YES;
				INFOPLIST_KEY_UILaunchScreen_Generation = YES;
				INFOPLIST_KEY_UISupportedInterfaceOrientations_iPad = "UIInterfaceOrientationPortrait UIInterfaceOrientationPortraitUpsideDown UIInterfaceOrientationLandscapeLeft UIInterfaceOrientationLandscapeRight";
				INFOPLIST_KEY_UISupportedInterfaceOrientations_iPhone = "UIInterfaceOrientationPortrait UIInterfaceOrientationLandscapeLeft UIInterfaceOrientationLandscapeRight";
				LD_RUNPATH_SEARCH_PATHS = (
					"$(inherited)",
					"@executable_path/Frameworks",
				);
				MARKETING_VERSION = 1.0;
				PRODUCT_BUNDLE_IDENTIFIER = com.vibelyinc.vibely;
				PRODUCT_NAME = "$(TARGET_NAME)";
				SWIFT_EMIT_LOC_STRINGS = YES;
				SWIFT_VERSION = 5.0;
				TARGETED_DEVICE_FAMILY = "1,2";
			};
			name = Debug;
		};
		7414BA852C9B5AAD005A589F /* Release */ = {
			isa = XCBuildConfiguration;
			baseConfigurationReference = 34662532DD0C5F4EBE1D0B2D /* Pods-mbanative.release.xcconfig */;
			buildSettings = {
				ASSETCATALOG_COMPILER_APPICON_NAME = AppIcon;
				ASSETCATALOG_COMPILER_GLOBAL_ACCENT_COLOR_NAME = AccentColor;
				CODE_SIGN_STYLE = Automatic;
				CURRENT_PROJECT_VERSION = 1;
				DEVELOPMENT_ASSET_PATHS = "\"mbanative/Preview Content\"";
				DEVELOPMENT_TEAM = AQ4Y3R7DHC;
				ENABLE_PREVIEWS = YES;
				"EXCLUDED_ARCHS[sdk=iphonesimulator*]" = arm64;
				GENERATE_INFOPLIST_FILE = YES;
				INFOPLIST_FILE = mbanative/Info.plist;
				INFOPLIST_KEY_UIApplicationSceneManifest_Generation = YES;
				INFOPLIST_KEY_UIApplicationSupportsIndirectInputEvents = YES;
				INFOPLIST_KEY_UILaunchScreen_Generation = YES;
				INFOPLIST_KEY_UISupportedInterfaceOrientations_iPad = "UIInterfaceOrientationPortrait UIInterfaceOrientationPortraitUpsideDown UIInterfaceOrientationLandscapeLeft UIInterfaceOrientationLandscapeRight";
				INFOPLIST_KEY_UISupportedInterfaceOrientations_iPhone = "UIInterfaceOrientationPortrait UIInterfaceOrientationLandscapeLeft UIInterfaceOrientationLandscapeRight";
				LD_RUNPATH_SEARCH_PATHS = (
					"$(inherited)",
					"@executable_path/Frameworks",
				);
				MARKETING_VERSION = 1.0;
				ONLY_ACTIVE_ARCH = YES;
				PRODUCT_BUNDLE_IDENTIFIER = com.vibelyinc.vibely;
				PRODUCT_NAME = "$(TARGET_NAME)";
				SWIFT_EMIT_LOC_STRINGS = YES;
				SWIFT_VERSION = 5.0;
				TARGETED_DEVICE_FAMILY = "1,2";
			};
			name = Release;
		};
/* End XCBuildConfiguration section */

/* Begin XCConfigurationList section */
		7414BA702C9B5AAB005A589F /* Build configuration list for PBXProject "mbanative" */ = {
			isa = XCConfigurationList;
			buildConfigurations = (
				7414BA812C9B5AAD005A589F /* Debug */,
				7414BA822C9B5AAD005A589F /* Release */,
			);
			defaultConfigurationIsVisible = 0;
			defaultConfigurationName = Release;
		};
		7414BA832C9B5AAD005A589F /* Build configuration list for PBXNativeTarget "mbanative" */ = {
			isa = XCConfigurationList;
			buildConfigurations = (
				7414BA842C9B5AAD005A589F /* Debug */,
				7414BA852C9B5AAD005A589F /* Release */,
			);
			defaultConfigurationIsVisible = 0;
			defaultConfigurationName = Release;
		};
/* End XCConfigurationList section */
	};
	rootObject = 7414BA6D2C9B5AAB005A589F /* Project object */;
}
